
Microsoft Visual Studio Solution File, Format Version 12.00
#
Project("{FAE04EC0-301F-11D3-BF4B-00C04F79EFBC}") = "romanNumeralsTDD", "romanNumeralsTDD\romanNumeralsTDD.csproj", "{7F2A6E18-EDF2-46FC-BA4E-B2230F09E5EB}"
EndProject
Project("{FAE04EC0-301F-11D3-BF4B-00C04F79EFBC}") = "romanNumeralsTests", "romanNumeralsTests\romanNumeralsTests.csproj", "{EAAB87F8-C6B1-447B-9BED-6618EA30AE37}"
EndProject
Global
	GlobalSection(SolutionConfigurationPlatforms) = preSolution
		Debug|Any CPU = Debug|Any CPU
		Release|Any CPU = Release|Any CPU
	EndGlobalSection
	GlobalSection(ProjectConfigurationPlatforms) = postSolution
		{7F2A6E18-EDF2-46FC-BA4E-B2230F09E5EB}.Debug|Any CPU.ActiveCfg = Debug|Any CPU
		{7F2A6E18-EDF2-46FC-BA4E-B2230F09E5EB}.Debug|Any CPU.Build.0 = Debug|Any CPU
		{7F2A6E18-EDF2-46FC-BA4E-B2230F09E5EB}.Release|Any CPU.ActiveCfg = Release|Any CPU
		{7F2A6E18-EDF2-46FC-BA4E-B2230F09E5EB}.Release|Any CPU.Build.0 = Release|Any CPU
		{EAAB87F8-C6B1-447B-9BED-6618EA30AE37}.Debug|Any CPU.ActiveCfg = Debug|Any CPU
		{EAAB87F8-C6B1-447B-9BED-6618EA30AE37}.Debug|Any CPU.Build.0 = Debug|Any CPU
		{EAAB87F8-C6B1-447B-9BED-6618EA30AE37}.Release|Any CPU.ActiveCfg = Release|Any CPU
		{EAAB87F8-C6B1-447B-9BED-6618EA30AE37}.Release|Any CPU.Build.0 = Release|Any CPU
	EndGlobalSection
EndGlobal
